
Microsoft Visual Studio Solution File, Format Version 12.00
# Visual Studio Version 16
VisualStudioVersion = 16.0.30114.105
MinimumVisualStudioVersion = 10.0.40219.1
Project("{2150E333-8FDC-42A3-9474-1A3956D46DE8}") = "src", "src", "{CB81A58A-53A0-4850-B252-C5D160DF6BAE}"
EndProject
Project("{FAE04EC0-301F-11D3-BF4B-00C04F79EFBC}") = "CShopa", "src\CShopa\CShopa.csproj", "{379F1B53-27E7-41C5-8E5D-C9F2666C5356}"
EndProject
Project("{2150E333-8FDC-42A3-9474-1A3956D46DE8}") = "test", "test", "{94F3787F-8C90-4DA4-B035-BE98CA96F928}"
EndProject
Project("{FAE04EC0-301F-11D3-BF4B-00C04F79EFBC}") = "CShopa.Tests", "test\CShopa.Tests\CShopa.Tests.csproj", "{9E78F33F-CB5B-4D6F-BAE6-77ED39292944}"
EndProject
Project("{FAE04EC0-301F-11D3-BF4B-00C04F79EFBC}") = "CShopa.Wasmer", "src\CShopa.Wasmer\CShopa.Wasmer.csproj", "{079C0F3D-2803-4DF1-9F15-CE8D5D55B3C6}"
EndProject
Project("{FAE04EC0-301F-11D3-BF4B-00C04F79EFBC}") = "CShopa.Benchmarks", "test\CShopa.Benchmarks\CShopa.Benchmarks.csproj", "{2AEA80C4-E8B2-4CAF-B409-C2022965115D}"
EndProject
Global
	GlobalSection(SolutionConfigurationPlatforms) = preSolution
		Debug|Any CPU = Debug|Any CPU
		Release|Any CPU = Release|Any CPU
	EndGlobalSection
	GlobalSection(SolutionProperties) = preSolution
		HideSolutionNode = FALSE
	EndGlobalSection
	GlobalSection(ProjectConfigurationPlatforms) = postSolution
		{379F1B53-27E7-41C5-8E5D-C9F2666C5356}.Debug|Any CPU.ActiveCfg = Debug|Any CPU
		{379F1B53-27E7-41C5-8E5D-C9F2666C5356}.Debug|Any CPU.Build.0 = Debug|Any CPU
		{379F1B53-27E7-41C5-8E5D-C9F2666C5356}.Release|Any CPU.ActiveCfg = Release|Any CPU
		{379F1B53-27E7-41C5-8E5D-C9F2666C5356}.Release|Any CPU.Build.0 = Release|Any CPU
		{9E78F33F-CB5B-4D6F-BAE6-77ED39292944}.Debug|Any CPU.ActiveCfg = Debug|Any CPU
		{9E78F33F-CB5B-4D6F-BAE6-77ED39292944}.Debug|Any CPU.Build.0 = Debug|Any CPU
		{9E78F33F-CB5B-4D6F-BAE6-77ED39292944}.Release|Any CPU.ActiveCfg = Release|Any CPU
		{9E78F33F-CB5B-4D6F-BAE6-77ED39292944}.Release|Any CPU.Build.0 = Release|Any CPU
		{079C0F3D-2803-4DF1-9F15-CE8D5D55B3C6}.Debug|Any CPU.ActiveCfg = Debug|Any CPU
		{079C0F3D-2803-4DF1-9F15-CE8D5D55B3C6}.Debug|Any CPU.Build.0 = Debug|Any CPU
		{079C0F3D-2803-4DF1-9F15-CE8D5D55B3C6}.Release|Any CPU.ActiveCfg = Release|Any CPU
		{079C0F3D-2803-4DF1-9F15-CE8D5D55B3C6}.Release|Any CPU.Build.0 = Release|Any CPU
		{2AEA80C4-E8B2-4CAF-B409-C2022965115D}.Debug|Any CPU.ActiveCfg = Debug|Any CPU
		{2AEA80C4-E8B2-4CAF-B409-C2022965115D}.Debug|Any CPU.Build.0 = Debug|Any CPU
		{2AEA80C4-E8B2-4CAF-B409-C2022965115D}.Release|Any CPU.ActiveCfg = Release|Any CPU
		{2AEA80C4-E8B2-4CAF-B409-C2022965115D}.Release|Any CPU.Build.0 = Release|Any CPU
	EndGlobalSection
	GlobalSection(NestedProjects) = preSolution
		{379F1B53-27E7-41C5-8E5D-C9F2666C5356} = {CB81A58A-53A0-4850-B252-C5D160DF6BAE}
		{9E78F33F-CB5B-4D6F-BAE6-77ED39292944} = {94F3787F-8C90-4DA4-B035-BE98CA96F928}
		{079C0F3D-2803-4DF1-9F15-CE8D5D55B3C6} = {CB81A58A-53A0-4850-B252-C5D160DF6BAE}
		{2AEA80C4-E8B2-4CAF-B409-C2022965115D} = {94F3787F-8C90-4DA4-B035-BE98CA96F928}
	EndGlobalSection
EndGlobal
